
Microsoft Visual Studio Solution File, Format Version 12.00
# Visual Studio Version 17
VisualStudioVersion = 17.10.34916.146
MinimumVisualStudioVersion = 10.0.40219.1
Project("{FAE04EC0-301F-11D3-BF4B-00C04F79EFBC}") = "lab3", "lab3\lab3.csproj", "{DB50AE0E-E9A8-4D22-87E1-FBFB7E76F052}"
EndProject
Global
	GlobalSection(SolutionConfigurationPlatforms) = preSolution
		Debug|Any CPU = Debug|Any CPU
		Release|Any CPU = Release|Any CPU
	EndGlobalSection
	GlobalSection(ProjectConfigurationPlatforms) = postSolution
		{DB50AE0E-E9A8-4D22-87E1-FBFB7E76F052}.Debug|Any CPU.ActiveCfg = Debug|Any CPU
		{DB50AE0E-E9A8-4D22-87E1-FBFB7E76F052}.Debug|Any CPU.Build.0 = Debug|Any CPU
		{DB50AE0E-E9A8-4D22-87E1-FBFB7E76F052}.Release|Any CPU.ActiveCfg = Release|Any CPU
		{DB50AE0E-E9A8-4D22-87E1-FBFB7E76F052}.Release|Any CPU.Build.0 = Release|Any CPU
	EndGlobalSection
	GlobalSection(SolutionProperties) = preSolution
		HideSolutionNode = FALSE
	EndGlobalSection
	GlobalSection(ExtensibilityGlobals) = postSolution
		SolutionGuid = {DEB231C5-5CD8-4014-97F1-DA670863A0C3}
	EndGlobalSection
EndGlobal
